# This file is automatically @generated by Cargo.
# It is not intended for manual editing.
version = 4

[[package]]
name = "decalque"
version = "0.1.0"
dependencies = [
 "decalque-core",
 "decalque-infra",
 "decalque-shell",
]

[[package]]
name = "decalque-core"
version = "0.1.0"

[[package]]
name = "decalque-infra"
version = "0.1.0"
dependencies = [
 "decalque-core",
]

[[package]]
name = "decalque-shell"
version = "0.1.0"
dependencies = [
 "decalque-core",
]
